
Microsoft Visual Studio Solution File, Format Version 12.00
# Visual Studio 14
VisualStudioVersion = 14.0.25123.0
MinimumVisualStudioVersion = 10.0.40219.1
Project("{FAE04EC0-301F-11D3-BF4B-00C04F79EFBC}") = "Alidayu.Sms", "Alidayu.Sms.csproj", "{10261244-D8E2-48E3-8C8A-15C25F8B9373}"
EndProject
Project("{FAE04EC0-301F-11D3-BF4B-00C04F79EFBC}") = "cailanzhi", "..\..\..\..\mytest\cailanzhi\cailanzhi.csproj", "{5EA90E3B-D984-4111-A6E1-47D004F07065}"
EndProject
Global
	GlobalSection(SolutionConfigurationPlatforms) = preSolution
		Debug|Any CPU = Debug|Any CPU
		Release|Any CPU = Release|Any CPU
	EndGlobalSection
	GlobalSection(ProjectConfigurationPlatforms) = postSolution
		{10261244-D8E2-48E3-8C8A-15C25F8B9373}.Debug|Any CPU.ActiveCfg = Debug|Any CPU
		{10261244-D8E2-48E3-8C8A-15C25F8B9373}.Debug|Any CPU.Build.0 = Debug|Any CPU
		{10261244-D8E2-48E3-8C8A-15C25F8B9373}.Release|Any CPU.ActiveCfg = Release|Any CPU
		{10261244-D8E2-48E3-8C8A-15C25F8B9373}.Release|Any CPU.Build.0 = Release|Any CPU
		{5EA90E3B-D984-4111-A6E1-47D004F07065}.Debug|Any CPU.ActiveCfg = Debug|Any CPU
		{5EA90E3B-D984-4111-A6E1-47D004F07065}.Debug|Any CPU.Build.0 = Debug|Any CPU
		{5EA90E3B-D984-4111-A6E1-47D004F07065}.Release|Any CPU.ActiveCfg = Release|Any CPU
		{5EA90E3B-D984-4111-A6E1-47D004F07065}.Release|Any CPU.Build.0 = Release|Any CPU
	EndGlobalSection
	GlobalSection(SolutionProperties) = preSolution
		HideSolutionNode = FALSE
	EndGlobalSection
EndGlobal
